PODS:
  - Stripe (21.6.0):
    - Stripe/Stripe3DS2 (= 21.6.0)
  - Stripe/Stripe3DS2 (21.6.0)

DEPENDENCIES:
  - Stripe

SPEC REPOS:
  trunk:
    - Stripe

SPEC CHECKSUMS:
  Stripe: 6cc7bb348f4b1fad111129f6ee40eb6682deaefb

PODFILE CHECKSUM: 70d2cd6b0f4d8c762e7ecec3fe237cbb30565562

COCOAPODS: 1.10.1
